
Microsoft Visual Studio Solution File, Format Version 12.00
# Visual Studio Version 17
VisualStudioVersion = 17.3.32929.385
MinimumVisualStudioVersion = 10.0.40219.1
Project("{FAE04EC0-301F-11D3-BF4B-00C04F79EFBC}") = "stock_management", "stock_management.csproj", "{F4E126BA-CBD0-4145-B202-266C6001E7D2}"
EndProject
Global
	GlobalSection(SolutionConfigurationPlatforms) = preSolution
		Debug|Any CPU = Debug|Any CPU
		Release|Any CPU = Release|Any CPU
	EndGlobalSection
	GlobalSection(ProjectConfigurationPlatforms) = postSolution
		{F4E126BA-CBD0-4145-B202-266C6001E7D2}.Debug|Any CPU.ActiveCfg = Debug|Any CPU
		{F4E126BA-CBD0-4145-B202-266C6001E7D2}.Debug|Any CPU.Build.0 = Debug|Any CPU
		{F4E126BA-CBD0-4145-B202-266C6001E7D2}.Release|Any CPU.ActiveCfg = Release|Any CPU
		{F4E126BA-CBD0-4145-B202-266C6001E7D2}.Release|Any CPU.Build.0 = Release|Any CPU
	EndGlobalSection
	GlobalSection(SolutionProperties) = preSolution
		HideSolutionNode = FALSE
	EndGlobalSection
	GlobalSection(ExtensibilityGlobals) = postSolution
		SolutionGuid = {FFA7300A-48E3-49BA-9B2F-2181E252CA73}
	EndGlobalSection
EndGlobal
